
Microsoft Visual Studio Solution File, Format Version 12.00
# Visual Studio 14
VisualStudioVersion = 14.0.24720.0
MinimumVisualStudioVersion = 10.0.40219.1
Project("{FAE04EC0-301F-11D3-BF4B-00C04F79EFBC}") = "ng-identity", "ng-identity\ng-identity.csproj", "{68C3FFB3-7549-49EE-B68B-85176A74D773}"
EndProject
Project("{FAE04EC0-301F-11D3-BF4B-00C04F79EFBC}") = "ng-identity-webapi", "ng-identity-webapi\ng-identity-webapi.csproj", "{C644B102-A911-468C-AF9E-110244D0B994}"
EndProject
Global
	GlobalSection(SolutionConfigurationPlatforms) = preSolution
		Debug|Any CPU = Debug|Any CPU
		Release|Any CPU = Release|Any CPU
	EndGlobalSection
	GlobalSection(ProjectConfigurationPlatforms) = postSolution
		{68C3FFB3-7549-49EE-B68B-85176A74D773}.Debug|Any CPU.ActiveCfg = Debug|Any CPU
		{68C3FFB3-7549-49EE-B68B-85176A74D773}.Debug|Any CPU.Build.0 = Debug|Any CPU
		{68C3FFB3-7549-49EE-B68B-85176A74D773}.Release|Any CPU.ActiveCfg = Release|Any CPU
		{68C3FFB3-7549-49EE-B68B-85176A74D773}.Release|Any CPU.Build.0 = Release|Any CPU
		{C644B102-A911-468C-AF9E-110244D0B994}.Debug|Any CPU.ActiveCfg = Debug|Any CPU
		{C644B102-A911-468C-AF9E-110244D0B994}.Debug|Any CPU.Build.0 = Debug|Any CPU
		{C644B102-A911-468C-AF9E-110244D0B994}.Release|Any CPU.ActiveCfg = Release|Any CPU
		{C644B102-A911-468C-AF9E-110244D0B994}.Release|Any CPU.Build.0 = Release|Any CPU
	EndGlobalSection
	GlobalSection(SolutionProperties) = preSolution
		HideSolutionNode = FALSE
	EndGlobalSection
EndGlobal
